
Microsoft Visual Studio Solution File, Format Version 12.00
# Visual Studio Version 16
VisualStudioVersion = 16.0.29326.143
MinimumVisualStudioVersion = 10.0.40219.1
Project("{FAE04EC0-301F-11D3-BF4B-00C04F79EFBC}") = "10420_ListOfConquests", "10420_ListOfConquests\10420_ListOfConquests.csproj", "{77A8E230-0235-45D7-BBF9-DB6775A8F083}"
EndProject
Global
	GlobalSection(SolutionConfigurationPlatforms) = preSolution
		Debug|Any CPU = Debug|Any CPU
		Release|Any CPU = Release|Any CPU
	EndGlobalSection
	GlobalSection(ProjectConfigurationPlatforms) = postSolution
		{77A8E230-0235-45D7-BBF9-DB6775A8F083}.Debug|Any CPU.ActiveCfg = Debug|Any CPU
		{77A8E230-0235-45D7-BBF9-DB6775A8F083}.Debug|Any CPU.Build.0 = Debug|Any CPU
		{77A8E230-0235-45D7-BBF9-DB6775A8F083}.Release|Any CPU.ActiveCfg = Release|Any CPU
		{77A8E230-0235-45D7-BBF9-DB6775A8F083}.Release|Any CPU.Build.0 = Release|Any CPU
	EndGlobalSection
	GlobalSection(SolutionProperties) = preSolution
		HideSolutionNode = FALSE
	EndGlobalSection
	GlobalSection(ExtensibilityGlobals) = postSolution
		SolutionGuid = {DF9644F4-4CC4-42DC-B246-B153E9BE03F3}
	EndGlobalSection
EndGlobal
