
Microsoft Visual Studio Solution File, Format Version 12.00
# Visual Studio Version 16
VisualStudioVersion = 16.0.29326.143
MinimumVisualStudioVersion = 10.0.40219.1
Project("{FAE04EC0-301F-11D3-BF4B-00C04F79EFBC}") = "SieveOfEratosthenes-PrimeNumbers", "SieveOfEratosthenes-PrimeNumbers\SieveOfEratosthenes-PrimeNumbers.csproj", "{AE414D60-6065-4844-8C52-5786D8BF0470}"
EndProject
Global
	GlobalSection(SolutionConfigurationPlatforms) = preSolution
		Debug|Any CPU = Debug|Any CPU
		Release|Any CPU = Release|Any CPU
	EndGlobalSection
	GlobalSection(ProjectConfigurationPlatforms) = postSolution
		{AE414D60-6065-4844-8C52-5786D8BF0470}.Debug|Any CPU.ActiveCfg = Debug|Any CPU
		{AE414D60-6065-4844-8C52-5786D8BF0470}.Debug|Any CPU.Build.0 = Debug|Any CPU
		{AE414D60-6065-4844-8C52-5786D8BF0470}.Release|Any CPU.ActiveCfg = Release|Any CPU
		{AE414D60-6065-4844-8C52-5786D8BF0470}.Release|Any CPU.Build.0 = Release|Any CPU
	EndGlobalSection
	GlobalSection(SolutionProperties) = preSolution
		HideSolutionNode = FALSE
	EndGlobalSection
	GlobalSection(ExtensibilityGlobals) = postSolution
		SolutionGuid = {D2522CB8-D08B-4927-9C37-C54A3920AFBC}
	EndGlobalSection
EndGlobal
